
Microsoft Visual Studio Solution File, Format Version 12.00
# Visual Studio 2012
Project("{FAE04EC0-301F-11D3-BF4B-00C04F79EFBC}") = "qshine", "qshine\qshine.csproj", "{05162FC4-73A3-4190-A336-568E2289302C}"
EndProject
Project("{2150E333-8FDC-42A3-9474-1A3956D46DE8}") = "Tests", "Tests", "{9815AB74-82AC-463A-B740-B1D78CE5E6FA}"
EndProject
Project("{FAE04EC0-301F-11D3-BF4B-00C04F79EFBC}") = "qshine.UnitTests", "Tests\qshine.UnitTests\qshine.UnitTests.csproj", "{35C33326-EFDF-44D2-A247-6CB1B7B37125}"
EndProject
Global
	GlobalSection(SolutionConfigurationPlatforms) = preSolution
		Debug|Any CPU = Debug|Any CPU
		Release|Any CPU = Release|Any CPU
	EndGlobalSection
	GlobalSection(ProjectConfigurationPlatforms) = postSolution
		{05162FC4-73A3-4190-A336-568E2289302C}.Debug|Any CPU.ActiveCfg = Debug|Any CPU
		{05162FC4-73A3-4190-A336-568E2289302C}.Debug|Any CPU.Build.0 = Debug|Any CPU
		{05162FC4-73A3-4190-A336-568E2289302C}.Release|Any CPU.ActiveCfg = Release|Any CPU
		{05162FC4-73A3-4190-A336-568E2289302C}.Release|Any CPU.Build.0 = Release|Any CPU
		{35C33326-EFDF-44D2-A247-6CB1B7B37125}.Debug|Any CPU.ActiveCfg = Debug|Any CPU
		{35C33326-EFDF-44D2-A247-6CB1B7B37125}.Debug|Any CPU.Build.0 = Debug|Any CPU
		{35C33326-EFDF-44D2-A247-6CB1B7B37125}.Release|Any CPU.ActiveCfg = Release|Any CPU
		{35C33326-EFDF-44D2-A247-6CB1B7B37125}.Release|Any CPU.Build.0 = Release|Any CPU
	EndGlobalSection
	GlobalSection(NestedProjects) = preSolution
		{35C33326-EFDF-44D2-A247-6CB1B7B37125} = {9815AB74-82AC-463A-B740-B1D78CE5E6FA}
	EndGlobalSection
EndGlobal
